
Microsoft Visual Studio Solution File, Format Version 12.00
# Visual Studio Version 17
VisualStudioVersion = 17.1.32319.34
MinimumVisualStudioVersion = 10.0.40219.1
Project("{9A19103F-16F7-4668-BE54-9A1E7A4F7556}") = "ExplorerGame.MVVM.Maze", "ExplorerGame.MVVM.Maze\ExplorerGame.MVVM.Maze.csproj", "{8A81CFC1-81B6-4A96-A783-3B53E30CE573}"
EndProject
Project("{9A19103F-16F7-4668-BE54-9A1E7A4F7556}") = "Explorer.Maze.Console", "Explorer.Maze.Console\Explorer.Maze.Console.csproj", "{38EAD0E0-E04E-4C8F-B4E2-249B68B8DA3B}"
EndProject
Global
	GlobalSection(SolutionConfigurationPlatforms) = preSolution
		Debug|Any CPU = Debug|Any CPU
		Release|Any CPU = Release|Any CPU
	EndGlobalSection
	GlobalSection(ProjectConfigurationPlatforms) = postSolution
		{8A81CFC1-81B6-4A96-A783-3B53E30CE573}.Debug|Any CPU.ActiveCfg = Debug|Any CPU
		{8A81CFC1-81B6-4A96-A783-3B53E30CE573}.Debug|Any CPU.Build.0 = Debug|Any CPU
		{8A81CFC1-81B6-4A96-A783-3B53E30CE573}.Release|Any CPU.ActiveCfg = Release|Any CPU
		{8A81CFC1-81B6-4A96-A783-3B53E30CE573}.Release|Any CPU.Build.0 = Release|Any CPU
		{38EAD0E0-E04E-4C8F-B4E2-249B68B8DA3B}.Debug|Any CPU.ActiveCfg = Debug|Any CPU
		{38EAD0E0-E04E-4C8F-B4E2-249B68B8DA3B}.Debug|Any CPU.Build.0 = Debug|Any CPU
		{38EAD0E0-E04E-4C8F-B4E2-249B68B8DA3B}.Release|Any CPU.ActiveCfg = Release|Any CPU
		{38EAD0E0-E04E-4C8F-B4E2-249B68B8DA3B}.Release|Any CPU.Build.0 = Release|Any CPU
	EndGlobalSection
	GlobalSection(SolutionProperties) = preSolution
		HideSolutionNode = FALSE
	EndGlobalSection
	GlobalSection(ExtensibilityGlobals) = postSolution
		SolutionGuid = {49B74FE2-FBCE-45B5-AC2C-2FC43B219229}
	EndGlobalSection
EndGlobal
